
Microsoft Visual Studio Solution File, Format Version 12.00
# Visual Studio Version 16
VisualStudioVersion = 16.0.31829.152
MinimumVisualStudioVersion = 10.0.40219.1
Project("{FAE04EC0-301F-11D3-BF4B-00C04F79EFBC}") = "WpfApp1", "WpfApp1.csproj", "{6FE0D9E9-CD16-4079-8B77-75D72932B00D}"
EndProject
Global
	GlobalSection(SolutionConfigurationPlatforms) = preSolution
		Debug|Any CPU = Debug|Any CPU
		Release|Any CPU = Release|Any CPU
	EndGlobalSection
	GlobalSection(ProjectConfigurationPlatforms) = postSolution
		{6FE0D9E9-CD16-4079-8B77-75D72932B00D}.Debug|Any CPU.ActiveCfg = Debug|Any CPU
		{6FE0D9E9-CD16-4079-8B77-75D72932B00D}.Debug|Any CPU.Build.0 = Debug|Any CPU
		{6FE0D9E9-CD16-4079-8B77-75D72932B00D}.Release|Any CPU.ActiveCfg = Release|Any CPU
		{6FE0D9E9-CD16-4079-8B77-75D72932B00D}.Release|Any CPU.Build.0 = Release|Any CPU
	EndGlobalSection
	GlobalSection(SolutionProperties) = preSolution
		HideSolutionNode = FALSE
	EndGlobalSection
	GlobalSection(ExtensibilityGlobals) = postSolution
		SolutionGuid = {559B21F6-6B37-4477-B305-41101EAD3D9B}
	EndGlobalSection
EndGlobal
